// !$*UTF8*$!
{
	archiveVersion = 1;
	classes = {
	};
	objectVersion = 52;
	objects = {

/* Begin PBXBuildFile section */
		8C12390B267F3AB400200FEE /* GalleryDetailViewController.swift in Sources */ = {isa = PBXBuildFile; fileRef = 8C12390A267F3AB400200FEE /* GalleryDetailViewController.swift */; };
		8C24BCDB266CD14D0016EB66 /* GalleryCell.swift in Sources */ = {isa = PBXBuildFile; fileRef = 8C24BCDA266CD14D0016EB66 /* GalleryCell.swift */; };
		8C24BCDD266CE1B80016EB66 /* MainTabBarController.swift in Sources */ = {isa = PBXBuildFile; fileRef = 8C24BCDC266CE1B80016EB66 /* MainTabBarController.swift */; };
		8C3EA81126652F5400A62D9E /* DataObject.swift in Sources */ = {isa = PBXBuildFile; fileRef = 8C3EA81026652F5400A62D9E /* DataObject.swift */; };
		8C3EA8132665303300A62D9E /* DataAll.swift in Sources */ = {isa = PBXBuildFile; fileRef = 8C3EA8122665303300A62D9E /* DataAll.swift */; };
		8C62A02626D23B9A00210895 /* fishAnnotation.swift in Sources */ = {isa = PBXBuildFile; fileRef = 8C62A02526D23B9A00210895 /* fishAnnotation.swift */; };
		8C705E8E26D17516007A34FC /* Kingfisher in Frameworks */ = {isa = PBXBuildFile; productRef = 8C705E8D26D17516007A34FC /* Kingfisher */; };
		8C7C89F726074EB900F0A777 /* AppDelegate.swift in Sources */ = {isa = PBXBuildFile; fileRef = 8C7C89F626074EB900F0A777 /* AppDelegate.swift */; };
		8C7C89FB26074EB900F0A777 /* ViewController.swift in Sources */ = {isa = PBXBuildFile; fileRef = 8C7C89FA26074EB900F0A777 /* ViewController.swift */; };
		8C7C89FE26074EB900F0A777 /* Main.storyboard in Resources */ = {isa = PBXBuildFile; fileRef = 8C7C89FC26074EB900F0A777 /* Main.storyboard */; };
		8C7C8A0026074EB900F0A777 /* Assets.xcassets in Resources */ = {isa = PBXBuildFile; fileRef = 8C7C89FF26074EB900F0A777 /* Assets.xcassets */; };
		8C7C8A0326074EB900F0A777 /* LaunchScreen.storyboard in Resources */ = {isa = PBXBuildFile; fileRef = 8C7C8A0126074EB900F0A777 /* LaunchScreen.storyboard */; };
		8C9EB15B266C0C3600D7B942 /* GalleryTableViewController.swift in Sources */ = {isa = PBXBuildFile; fileRef = 8C9EB15A266C0C3600D7B942 /* GalleryTableViewController.swift */; };
		8CA70A3626D211FC00928A09 /* fish-ani.gif in Resources */ = {isa = PBXBuildFile; fileRef = 8CA70A3526D211FC00928A09 /* fish-ani.gif */; };
		8CA70A3826D2135D00928A09 /* swift+gif.swift in Sources */ = {isa = PBXBuildFile; fileRef = 8CA70A3726D2135D00928A09 /* swift+gif.swift */; };
		8CEC42B426C9295D003EB257 /* SpeciesAll.swift in Sources */ = {isa = PBXBuildFile; fileRef = 8CEC42B326C9295D003EB257 /* SpeciesAll.swift */; };
		8CEC42B626C929E1003EB257 /* MediaObject.swift in Sources */ = {isa = PBXBuildFile; fileRef = 8CEC42B526C929E1003EB257 /* MediaObject.swift */; };
		8CEC42BA26C9343B003EB257 /* MediaList.swift in Sources */ = {isa = PBXBuildFile; fileRef = 8CEC42B926C9343B003EB257 /* MediaList.swift */; };
		D586887CDCC90228192C78F0 /* Pods_ARoundUs.framework in Frameworks */ = {isa = PBXBuildFile; fileRef = 73CAA32163ACCF4B117089F6 /* Pods_ARoundUs.framework */; };
/* End PBXBuildFile section */

/* Begin PBXFileReference section */
		73CAA32163ACCF4B117089F6 /* Pods_ARoundUs.framework */ = {isa = PBXFileReference; explicitFileType = wrapper.framework; includeInIndex = 0; path = Pods_ARoundUs.framework; sourceTree = BUILT_PRODUCTS_DIR; };
		8C12390A267F3AB400200FEE /* GalleryDetailViewController.swift */ = {isa = PBXFileReference; lastKnownFileType = sourcecode.swift; path = GalleryDetailViewController.swift; sourceTree = "<group>"; };
		8C24BCDA266CD14D0016EB66 /* GalleryCell.swift */ = {isa = PBXFileReference; lastKnownFileType = sourcecode.swift; path = GalleryCell.swift; sourceTree = "<group>"; };
		8C24BCDC266CE1B80016EB66 /* MainTabBarController.swift */ = {isa = PBXFileReference; lastKnownFileType = sourcecode.swift; path = MainTabBarController.swift; sourceTree = "<group>"; };
		8C3EA81026652F5400A62D9E /* DataObject.swift */ = {isa = PBXFileReference; lastKnownFileType = sourcecode.swift; path = DataObject.swift; sourceTree = "<group>"; };
		8C3EA8122665303300A62D9E /* DataAll.swift */ = {isa = PBXFileReference; lastKnownFileType = sourcecode.swift; path = DataAll.swift; sourceTree = "<group>"; };
		8C62A02526D23B9A00210895 /* fishAnnotation.swift */ = {isa = PBXFileReference; lastKnownFileType = sourcecode.swift; path = fishAnnotation.swift; sourceTree = "<group>"; };
		8C7C89F326074EB800F0A777 /* iFish.app */ = {isa = PBXFileReference; explicitFileType = wrapper.application; includeInIndex = 0; path = iFish.app; sourceTree = BUILT_PRODUCTS_DIR; };
		8C7C89F626074EB900F0A777 /* AppDelegate.swift */ = {isa = PBXFileReference; lastKnownFileType = sourcecode.swift; path = AppDelegate.swift; sourceTree = "<group>"; };
		8C7C89FA26074EB900F0A777 /* ViewController.swift */ = {isa = PBXFileReference; lastKnownFileType = sourcecode.swift; path = ViewController.swift; sourceTree = "<group>"; };
		8C7C89FD26074EB900F0A777 /* Base */ = {isa = PBXFileReference; lastKnownFileType = file.storyboard; name = Base; path = Base.lproj/Main.storyboard; sourceTree = "<group>"; };
		8C7C89FF26074EB900F0A777 /* Assets.xcassets */ = {isa = PBXFileReference; lastKnownFileType = folder.assetcatalog; path = Assets.xcassets; sourceTree = "<group>"; };
		8C7C8A0226074EB900F0A777 /* Base */ = {isa = PBXFileReference; lastKnownFileType = file.storyboard; name = Base; path = Base.lproj/LaunchScreen.storyboard; sourceTree = "<group>"; };
		8C7C8A0426074EB900F0A777 /* Info.plist */ = {isa = PBXFileReference; lastKnownFileType = text.plist.xml; path = Info.plist; sourceTree = "<group>"; };
		8C9EB15A266C0C3600D7B942 /* GalleryTableViewController.swift */ = {isa = PBXFileReference; lastKnownFileType = sourcecode.swift; path = GalleryTableViewController.swift; sourceTree = "<group>"; };
		8CA70A3526D211FC00928A09 /* fish-ani.gif */ = {isa = PBXFileReference; lastKnownFileType = image.gif; path = "fish-ani.gif"; sourceTree = "<group>"; };
		8CA70A3726D2135D00928A09 /* swift+gif.swift */ = {isa = PBXFileReference; lastKnownFileType = sourcecode.swift; path = "swift+gif.swift"; sourceTree = "<group>"; };
		8CEC42B326C9295D003EB257 /* SpeciesAll.swift */ = {isa = PBXFileReference; lastKnownFileType = sourcecode.swift; path = SpeciesAll.swift; sourceTree = "<group>"; };
		8CEC42B526C929E1003EB257 /* MediaObject.swift */ = {isa = PBXFileReference; lastKnownFileType = sourcecode.swift; path = MediaObject.swift; sourceTree = "<group>"; };
		8CEC42B926C9343B003EB257 /* MediaList.swift */ = {isa = PBXFileReference; lastKnownFileType = sourcecode.swift; path = MediaList.swift; sourceTree = "<group>"; };
		B086FE6599372179A7277594 /* Pods-ARoundUs.debug.xcconfig */ = {isa = PBXFileReference; includeInIndex = 1; lastKnownFileType = text.xcconfig; name = "Pods-ARoundUs.debug.xcconfig"; path = "Target Support Files/Pods-ARoundUs/Pods-ARoundUs.debug.xcconfig"; sourceTree = "<group>"; };
		F13CFCDB375A66ED61813187 /* Pods-ARoundUs.release.xcconfig */ = {isa = PBXFileReference; includeInIndex = 1; lastKnownFileType = text.xcconfig; name = "Pods-ARoundUs.release.xcconfig"; path = "Target Support Files/Pods-ARoundUs/Pods-ARoundUs.release.xcconfig"; sourceTree = "<group>"; };
/* End PBXFileReference section */

/* Begin PBXFrameworksBuildPhase section */
		8C7C89F026074EB800F0A777 /* Frameworks */ = {
			isa = PBXFrameworksBuildPhase;
			buildActionMask = 2147483647;
			files = (
				8C705E8E26D17516007A34FC /* Kingfisher in Frameworks */,
				D586887CDCC90228192C78F0 /* Pods_ARoundUs.framework in Frameworks */,
			);
			runOnlyForDeploymentPostprocessing = 0;
		};
/* End PBXFrameworksBuildPhase section */

/* Begin PBXGroup section */
		00B8FDBF876EBC2AAB812977 /* Frameworks */ = {
			isa = PBXGroup;
			children = (
				73CAA32163ACCF4B117089F6 /* Pods_ARoundUs.framework */,
			);
			name = Frameworks;
			sourceTree = "<group>";
		};
		8C12390C267F4B8900200FEE /* tab1 */ = {
			isa = PBXGroup;
			children = (
				8C7C89FA26074EB900F0A777 /* ViewController.swift */,
				8C62A02526D23B9A00210895 /* fishAnnotation.swift */,
			);
			path = tab1;
			sourceTree = "<group>";
		};
		8C12390D267F4B9200200FEE /* tab0 */ = {
			isa = PBXGroup;
			children = (
				8C9EB15A266C0C3600D7B942 /* GalleryTableViewController.swift */,
				8C24BCDA266CD14D0016EB66 /* GalleryCell.swift */,
				8C12390A267F3AB400200FEE /* GalleryDetailViewController.swift */,
			);
			path = tab0;
			sourceTree = "<group>";
		};
		8C7C89EA26074EB800F0A777 = {
			isa = PBXGroup;
			children = (
				8C7C8A0426074EB900F0A777 /* Info.plist */,
				8C7C89F526074EB800F0A777 /* iFish */,
				8C7C89F426074EB800F0A777 /* Products */,
				FEFAE08BF5EDC8ED12168623 /* Pods */,
				00B8FDBF876EBC2AAB812977 /* Frameworks */,
			);
			sourceTree = "<group>";
		};
		8C7C89F426074EB800F0A777 /* Products */ = {
			isa = PBXGroup;
			children = (
				8C7C89F326074EB800F0A777 /* iFish.app */,
			);
			name = Products;
			sourceTree = "<group>";
		};
		8C7C89F526074EB800F0A777 /* iFish */ = {
			isa = PBXGroup;
			children = (
				8C9EB157266BCAC400D7B942 /* Other */,
				8C9EB156266BCAB000D7B942 /* Model */,
				8C9EB155266BCA9000D7B942 /* Views */,
			);
			path = iFish;
			sourceTree = "<group>";
		};
		8C9EB155266BCA9000D7B942 /* Views */ = {
			isa = PBXGroup;
			children = (
				8C24BCDC266CE1B80016EB66 /* MainTabBarController.swift */,
				8C7C89FC26074EB900F0A777 /* Main.storyboard */,
				8C12390D267F4B9200200FEE /* tab0 */,
				8C12390C267F4B8900200FEE /* tab1 */,
			);
			path = Views;
			sourceTree = "<group>";
		};
		8C9EB156266BCAB000D7B942 /* Model */ = {
			isa = PBXGroup;
			children = (
				8C3EA8122665303300A62D9E /* DataAll.swift */,
				8C3EA81026652F5400A62D9E /* DataObject.swift */,
				8CEC42B326C9295D003EB257 /* SpeciesAll.swift */,
				8CEC42B926C9343B003EB257 /* MediaList.swift */,
				8CEC42B526C929E1003EB257 /* MediaObject.swift */,
			);
			path = Model;
			sourceTree = "<group>";
		};
		8C9EB157266BCAC400D7B942 /* Other */ = {
			isa = PBXGroup;
			children = (
				8C7C89FF26074EB900F0A777 /* Assets.xcassets */,
				8CA70A3526D211FC00928A09 /* fish-ani.gif */,
				8C7C89F626074EB900F0A777 /* AppDelegate.swift */,
				8C7C8A0126074EB900F0A777 /* LaunchScreen.storyboard */,
				8CA70A3726D2135D00928A09 /* swift+gif.swift */,
			);
			path = Other;
			sourceTree = "<group>";
		};
		FEFAE08BF5EDC8ED12168623 /* Pods */ = {
			isa = PBXGroup;
			children = (
				B086FE6599372179A7277594 /* Pods-ARoundUs.debug.xcconfig */,
				F13CFCDB375A66ED61813187 /* Pods-ARoundUs.release.xcconfig */,
			);
			path = Pods;
			sourceTree = "<group>";
		};
/* End PBXGroup section */

/* Begin PBXNativeTarget section */
		8C7C89F226074EB800F0A777 /* iFish */ = {
			isa = PBXNativeTarget;
			buildConfigurationList = 8C7C8A0726074EB900F0A777 /* Build configuration list for PBXNativeTarget "iFish" */;
			buildPhases = (
				F336ADD92E997414CA2BE8FD /* [CP] Check Pods Manifest.lock */,
				8C7C89EF26074EB800F0A777 /* Sources */,
				8C7C89F026074EB800F0A777 /* Frameworks */,
				8C7C89F126074EB800F0A777 /* Resources */,
				4F10110623573158E5C9BA2E /* [CP] Embed Pods Frameworks */,
			);
			buildRules = (
			);
			dependencies = (
			);
			name = iFish;
			packageProductDependencies = (
				8C705E8D26D17516007A34FC /* Kingfisher */,
			);
			productName = ARoundUs;
			productReference = 8C7C89F326074EB800F0A777 /* iFish.app */;
			productType = "com.apple.product-type.application";
		};
/* End PBXNativeTarget section */

/* Begin PBXProject section */
		8C7C89EB26074EB800F0A777 /* Project object */ = {
			isa = PBXProject;
			attributes = {
				LastSwiftUpdateCheck = 1240;
				LastUpgradeCheck = 1240;
				TargetAttributes = {
					8C7C89F226074EB800F0A777 = {
						CreatedOnToolsVersion = 12.4;
					};
				};
			};
			buildConfigurationList = 8C7C89EE26074EB800F0A777 /* Build configuration list for PBXProject "iFish" */;
			compatibilityVersion = "Xcode 9.3";
			developmentRegion = en;
			hasScannedForEncodings = 0;
			knownRegions = (
				en,
				Base,
			);
			mainGroup = 8C7C89EA26074EB800F0A777;
			packageReferences = (
				8C705E8C26D17516007A34FC /* XCRemoteSwiftPackageReference "Kingfisher" */,
			);
			productRefGroup = 8C7C89F426074EB800F0A777 /* Products */;
			projectDirPath = "";
			projectRoot = "";
			targets = (
				8C7C89F226074EB800F0A777 /* iFish */,
			);
		};
/* End PBXProject section */

/* Begin PBXResourcesBuildPhase section */
		8C7C89F126074EB800F0A777 /* Resources */ = {
			isa = PBXResourcesBuildPhase;
			buildActionMask = 2147483647;
			files = (
				8C7C8A0326074EB900F0A777 /* LaunchScreen.storyboard in Resources */,
				8C7C8A0026074EB900F0A777 /* Assets.xcassets in Resources */,
				8C7C89FE26074EB900F0A777 /* Main.storyboard in Resources */,
				8CA70A3626D211FC00928A09 /* fish-ani.gif in Resources */,
			);
			runOnlyForDeploymentPostprocessing = 0;
		};
/* End PBXResourcesBuildPhase section */

/* Begin PBXShellScriptBuildPhase section */
		4F10110623573158E5C9BA2E /* [CP] Embed Pods Frameworks */ = {
			isa = PBXShellScriptBuildPhase;
			buildActionMask = 2147483647;
			files = (
			);
			inputFileListPaths = (
				"${PODS_ROOT}/Target Support Files/Pods-ARoundUs/Pods-ARoundUs-frameworks-${CONFIGURATION}-input-files.xcfilelist",
			);
			name = "[CP] Embed Pods Frameworks";
			outputFileListPaths = (
				"${PODS_ROOT}/Target Support Files/Pods-ARoundUs/Pods-ARoundUs-frameworks-${CONFIGURATION}-output-files.xcfilelist",
			);
			runOnlyForDeploymentPostprocessing = 0;
			shellPath = /bin/sh;
			shellScript = "\"${PODS_ROOT}/Target Support Files/Pods-ARoundUs/Pods-ARoundUs-frameworks.sh\"\n";
			showEnvVarsInLog = 0;
		};
		F336ADD92E997414CA2BE8FD /* [CP] Check Pods Manifest.lock */ = {
			isa = PBXShellScriptBuildPhase;
			buildActionMask = 2147483647;
			files = (
			);
			inputFileListPaths = (
			);
			inputPaths = (
				"${PODS_PODFILE_DIR_PATH}/Podfile.lock",
				"${PODS_ROOT}/Manifest.lock",
			);
			name = "[CP] Check Pods Manifest.lock";
			outputFileListPaths = (
			);
			outputPaths = (
				"$(DERIVED_FILE_DIR)/Pods-ARoundUs-checkManifestLockResult.txt",
			);
			runOnlyForDeploymentPostprocessing = 0;
			shellPath = /bin/sh;
			shellScript = "diff \"${PODS_PODFILE_DIR_PATH}/Podfile.lock\" \"${PODS_ROOT}/Manifest.lock\" > /dev/null\nif [ $? != 0 ] ; then\n    # print error to STDERR\n    echo \"error: The sandbox is not in sync with the Podfile.lock. Run 'pod install' or update your CocoaPods installation.\" >&2\n    exit 1\nfi\n# This output is used by Xcode 'outputs' to avoid re-running this script phase.\necho \"SUCCESS\" > \"${SCRIPT_OUTPUT_FILE_0}\"\n";
			showEnvVarsInLog = 0;
		};
/* End PBXShellScriptBuildPhase section */

/* Begin PBXSourcesBuildPhase section */
		8C7C89EF26074EB800F0A777 /* Sources */ = {
			isa = PBXSourcesBuildPhase;
			buildActionMask = 2147483647;
			files = (
				8C9EB15B266C0C3600D7B942 /* GalleryTableViewController.swift in Sources */,
				8C24BCDB266CD14D0016EB66 /* GalleryCell.swift in Sources */,
				8C24BCDD266CE1B80016EB66 /* MainTabBarController.swift in Sources */,
				8CEC42B626C929E1003EB257 /* MediaObject.swift in Sources */,
				8CA70A3826D2135D00928A09 /* swift+gif.swift in Sources */,
				8CEC42B426C9295D003EB257 /* SpeciesAll.swift in Sources */,
				8C7C89FB26074EB900F0A777 /* ViewController.swift in Sources */,
				8C12390B267F3AB400200FEE /* GalleryDetailViewController.swift in Sources */,
				8C7C89F726074EB900F0A777 /* AppDelegate.swift in Sources */,
				8C62A02626D23B9A00210895 /* fishAnnotation.swift in Sources */,
				8CEC42BA26C9343B003EB257 /* MediaList.swift in Sources */,
				8C3EA81126652F5400A62D9E /* DataObject.swift in Sources */,
				8C3EA8132665303300A62D9E /* DataAll.swift in Sources */,
			);
			runOnlyForDeploymentPostprocessing = 0;
		};
/* End PBXSourcesBuildPhase section */

/* Begin PBXVariantGroup section */
		8C7C89FC26074EB900F0A777 /* Main.storyboard */ = {
			isa = PBXVariantGroup;
			children = (
				8C7C89FD26074EB900F0A777 /* Base */,
			);
			name = Main.storyboard;
			sourceTree = "<group>";
		};
		8C7C8A0126074EB900F0A777 /* LaunchScreen.storyboard */ = {
			isa = PBXVariantGroup;
			children = (
				8C7C8A0226074EB900F0A777 /* Base */,
			);
			name = LaunchScreen.storyboard;
			sourceTree = "<group>";
		};
/* End PBXVariantGroup section */

/* Begin XCBuildConfiguration section */
		8C7C8A0526074EB900F0A777 /* Debug */ = {
			isa = XCBuildConfiguration;
			buildSettings = {
				ALWAYS_SEARCH_USER_PATHS = NO;
				CLANG_ANALYZER_NONNULL = YES;
				CLANG_ANALYZER_NUMBER_OBJECT_CONVERSION = YES_AGGRESSIVE;
				CLANG_CXX_LANGUAGE_STANDARD = "gnu++14";
				CLANG_CXX_LIBRARY = "libc++";
				CLANG_ENABLE_MODULES = YES;
				CLANG_ENABLE_OBJC_ARC = YES;
				CLANG_ENABLE_OBJC_WEAK = YES;
				CLANG_WARN_BLOCK_CAPTURE_AUTORELEASING = YES;
				CLANG_WARN_BOOL_CONVERSION = YES;
				CLANG_WARN_COMMA = YES;
				CLANG_WARN_CONSTANT_CONVERSION = YES;
				CLANG_WARN_DEPRECATED_OBJC_IMPLEMENTATIONS = YES;
				CLANG_WARN_DIRECT_OBJC_ISA_USAGE = YES_ERROR;
				CLANG_WARN_DOCUMENTATION_COMMENTS = YES;
				CLANG_WARN_EMPTY_BODY = YES;
				CLANG_WARN_ENUM_CONVERSION = YES;
				CLANG_WARN_INFINITE_RECURSION = YES;
				CLANG_WARN_INT_CONVERSION = YES;
				CLANG_WARN_NON_LITERAL_NULL_CONVERSION = YES;
				CLANG_WARN_OBJC_IMPLICIT_RETAIN_SELF = YES;
				CLANG_WARN_OBJC_LITERAL_CONVERSION = YES;
				CLANG_WARN_OBJC_ROOT_CLASS = YES_ERROR;
				CLANG_WARN_QUOTED_INCLUDE_IN_FRAMEWORK_HEADER = YES;
				CLANG_WARN_RANGE_LOOP_ANALYSIS = YES;
				CLANG_WARN_STRICT_PROTOTYPES = YES;
				CLANG_WARN_SUSPICIOUS_MOVE = YES;
				CLANG_WARN_UNGUARDED_AVAILABILITY = YES_AGGRESSIVE;
				CLANG_WARN_UNREACHABLE_CODE = YES;
				CLANG_WARN__DUPLICATE_METHOD_MATCH = YES;
				COPY_PHASE_STRIP = NO;
				DEBUG_INFORMATION_FORMAT = dwarf;
				ENABLE_STRICT_OBJC_MSGSEND = YES;
				ENABLE_TESTABILITY = YES;
				GCC_C_LANGUAGE_STANDARD = gnu11;
				GCC_DYNAMIC_NO_PIC = NO;
				GCC_NO_COMMON_BLOCKS = YES;
				GCC_OPTIMIZATION_LEVEL = 0;
				GCC_PREPROCESSOR_DEFINITIONS = (
					"DEBUG=1",
					"$(inherited)",
				);
				GCC_WARN_64_TO_32_BIT_CONVERSION = YES;
				GCC_WARN_ABOUT_RETURN_TYPE = YES_ERROR;
				GCC_WARN_UNDECLARED_SELECTOR = YES;
				GCC_WARN_UNINITIALIZED_AUTOS = YES_AGGRESSIVE;
				GCC_WARN_UNUSED_FUNCTION = YES;
				GCC_WARN_UNUSED_VARIABLE = YES;
				IPHONEOS_DEPLOYMENT_TARGET = 14.4;
				MTL_ENABLE_DEBUG_INFO = INCLUDE_SOURCE;
				MTL_FAST_MATH = YES;
				ONLY_ACTIVE_ARCH = YES;
				SDKROOT = iphoneos;
				SWIFT_ACTIVE_COMPILATION_CONDITIONS = DEBUG;
				SWIFT_OPTIMIZATION_LEVEL = "-Onone";
			};
			name = Debug;
		};
		8C7C8A0626074EB900F0A777 /* Release */ = {
			isa = XCBuildConfiguration;
			buildSettings = {
				ALWAYS_SEARCH_USER_PATHS = NO;
				CLANG_ANALYZER_NONNULL = YES;
				CLANG_ANALYZER_NUMBER_OBJECT_CONVERSION = YES_AGGRESSIVE;
				CLANG_CXX_LANGUAGE_STANDARD = "gnu++14";
				CLANG_CXX_LIBRARY = "libc++";
				CLANG_ENABLE_MODULES = YES;
				CLANG_ENABLE_OBJC_ARC = YES;
				CLANG_ENABLE_OBJC_WEAK = YES;
				CLANG_WARN_BLOCK_CAPTURE_AUTORELEASING = YES;
				CLANG_WARN_BOOL_CONVERSION = YES;
				CLANG_WARN_COMMA = YES;
				CLANG_WARN_CONSTANT_CONVERSION = YES;
				CLANG_WARN_DEPRECATED_OBJC_IMPLEMENTATIONS = YES;
				CLANG_WARN_DIRECT_OBJC_ISA_USAGE = YES_ERROR;
				CLANG_WARN_DOCUMENTATION_COMMENTS = YES;
				CLANG_WARN_EMPTY_BODY = YES;
				CLANG_WARN_ENUM_CONVERSION = YES;
				CLANG_WARN_INFINITE_RECURSION = YES;
				CLANG_WARN_INT_CONVERSION = YES;
				CLANG_WARN_NON_LITERAL_NULL_CONVERSION = YES;
				CLANG_WARN_OBJC_IMPLICIT_RETAIN_SELF = YES;
				CLANG_WARN_OBJC_LITERAL_CONVERSION = YES;
				CLANG_WARN_OBJC_ROOT_CLASS = YES_ERROR;
				CLANG_WARN_QUOTED_INCLUDE_IN_FRAMEWORK_HEADER = YES;
				CLANG_WARN_RANGE_LOOP_ANALYSIS = YES;
				CLANG_WARN_STRICT_PROTOTYPES = YES;
				CLANG_WARN_SUSPICIOUS_MOVE = YES;
				CLANG_WARN_UNGUARDED_AVAILABILITY = YES_AGGRESSIVE;
				CLANG_WARN_UNREACHABLE_CODE = YES;
				CLANG_WARN__DUPLICATE_METHOD_MATCH = YES;
				COPY_PHASE_STRIP = NO;
				DEBUG_INFORMATION_FORMAT = "dwarf-with-dsym";
				ENABLE_NS_ASSERTIONS = NO;
				ENABLE_STRICT_OBJC_MSGSEND = YES;
				GCC_C_LANGUAGE_STANDARD = gnu11;
				GCC_NO_COMMON_BLOCKS = YES;
				GCC_WARN_64_TO_32_BIT_CONVERSION = YES;
				GCC_WARN_ABOUT_RETURN_TYPE = YES_ERROR;
				GCC_WARN_UNDECLARED_SELECTOR = YES;
				GCC_WARN_UNINITIALIZED_AUTOS = YES_AGGRESSIVE;
				GCC_WARN_UNUSED_FUNCTION = YES;
				GCC_WARN_UNUSED_VARIABLE = YES;
				IPHONEOS_DEPLOYMENT_TARGET = 14.4;
				MTL_ENABLE_DEBUG_INFO = NO;
				MTL_FAST_MATH = YES;
				SDKROOT = iphoneos;
				SWIFT_COMPILATION_MODE = wholemodule;
				SWIFT_OPTIMIZATION_LEVEL = "-O";
				VALIDATE_PRODUCT = YES;
			};
			name = Release;
		};
		8C7C8A0826074EB900F0A777 /* Debug */ = {
			isa = XCBuildConfiguration;
			baseConfigurationReference = B086FE6599372179A7277594 /* Pods-ARoundUs.debug.xcconfig */;
			buildSettings = {
				ASSETCATALOG_COMPILER_APPICON_NAME = AppIcon;
				ASSETCATALOG_COMPILER_GLOBAL_ACCENT_COLOR_NAME = AccentColor;
				CODE_SIGN_STYLE = Automatic;
				DEVELOPMENT_TEAM = Z5CM3J2T89;
				INFOPLIST_FILE = "$(SRCROOT)/Info.plist";
				LD_RUNPATH_SEARCH_PATHS = (
					"$(inherited)",
					"@executable_path/Frameworks",
				);
				PRODUCT_BUNDLE_IDENTIFIER = com.niab.iFish;
				PRODUCT_NAME = "$(TARGET_NAME)";
				SWIFT_VERSION = 5.0;
				TARGETED_DEVICE_FAMILY = "1,2";
			};
			name = Debug;
		};
		8C7C8A0926074EB900F0A777 /* Release */ = {
			isa = XCBuildConfiguration;
			baseConfigurationReference = F13CFCDB375A66ED61813187 /* Pods-ARoundUs.release.xcconfig */;
			buildSettings = {
				ASSETCATALOG_COMPILER_APPICON_NAME = AppIcon;
				ASSETCATALOG_COMPILER_GLOBAL_ACCENT_COLOR_NAME = AccentColor;
				CODE_SIGN_STYLE = Automatic;
				DEVELOPMENT_TEAM = Z5CM3J2T89;
				INFOPLIST_FILE = "$(SRCROOT)/Info.plist";
				LD_RUNPATH_SEARCH_PATHS = (
					"$(inherited)",
					"@executable_path/Frameworks",
				);
				PRODUCT_BUNDLE_IDENTIFIER = com.niab.iFish;
				PRODUCT_NAME = "$(TARGET_NAME)";
				SWIFT_VERSION = 5.0;
				TARGETED_DEVICE_FAMILY = "1,2";
			};
			name = Release;
		};
/* End XCBuildConfiguration section */

/* Begin XCConfigurationList section */
		8C7C89EE26074EB800F0A777 /* Build configuration list for PBXProject "iFish" */ = {
			isa = XCConfigurationList;
			buildConfigurations = (
				8C7C8A0526074EB900F0A777 /* Debug */,
				8C7C8A0626074EB900F0A777 /* Release */,
			);
			defaultConfigurationIsVisible = 0;
			defaultConfigurationName = Release;
		};
		8C7C8A0726074EB900F0A777 /* Build configuration list for PBXNativeTarget "iFish" */ = {
			isa = XCConfigurationList;
			buildConfigurations = (
				8C7C8A0826074EB900F0A777 /* Debug */,
				8C7C8A0926074EB900F0A777 /* Release */,
			);
			defaultConfigurationIsVisible = 0;
			defaultConfigurationName = Release;
		};
/* End XCConfigurationList section */

/* Begin XCRemoteSwiftPackageReference section */
		8C705E8C26D17516007A34FC /* XCRemoteSwiftPackageReference "Kingfisher" */ = {
			isa = XCRemoteSwiftPackageReference;
			repositoryURL = "https://github.com/onevcat/Kingfisher.git";
			requirement = {
				kind = upToNextMajorVersion;
				minimumVersion = 6.3.1;
			};
		};
/* End XCRemoteSwiftPackageReference section */

/* Begin XCSwiftPackageProductDependency section */
		8C705E8D26D17516007A34FC /* Kingfisher */ = {
			isa = XCSwiftPackageProductDependency;
			package = 8C705E8C26D17516007A34FC /* XCRemoteSwiftPackageReference "Kingfisher" */;
			productName = Kingfisher;
		};
/* End XCSwiftPackageProductDependency section */
	};
	rootObject = 8C7C89EB26074EB800F0A777 /* Project object */;
}
